
Microsoft Visual Studio Solution File, Format Version 12.00
# Visual Studio Version 17
VisualStudioVersion = 17.7.34202.233
MinimumVisualStudioVersion = 10.0.40219.1
Project("{FAE04EC0-301F-11D3-BF4B-00C04F79EFBC}") = "Entities", "Entities\Entities.csproj", "{519C61DD-DB67-44E4-932A-1573AC8F5279}"
EndProject
Project("{FAE04EC0-301F-11D3-BF4B-00C04F79EFBC}") = "DataAccess", "DataAccess\DataAccess.csproj", "{53B08174-2901-4424-999C-88E486066DF8}"
EndProject
Project("{FAE04EC0-301F-11D3-BF4B-00C04F79EFBC}") = "Core", "Core\Core.csproj", "{99818A20-1B63-4DEE-B1ED-D20BB4FEC017}"
EndProject
Project("{FAE04EC0-301F-11D3-BF4B-00C04F79EFBC}") = "Business", "Business\Business.csproj", "{831EDB4E-9223-48C2-AA0E-1F8A5F5D9910}"
EndProject
Project("{FAE04EC0-301F-11D3-BF4B-00C04F79EFBC}") = "WebApi", "WebApi\WebApi.csproj", "{76C2007A-0D9A-4CB9-8460-6B0B72DD06F6}"
EndProject
Global
	GlobalSection(SolutionConfigurationPlatforms) = preSolution
		Debug|Any CPU = Debug|Any CPU
		Release|Any CPU = Release|Any CPU
	EndGlobalSection
	GlobalSection(ProjectConfigurationPlatforms) = postSolution
		{519C61DD-DB67-44E4-932A-1573AC8F5279}.Debug|Any CPU.ActiveCfg = Debug|Any CPU
		{519C61DD-DB67-44E4-932A-1573AC8F5279}.Debug|Any CPU.Build.0 = Debug|Any CPU
		{519C61DD-DB67-44E4-932A-1573AC8F5279}.Release|Any CPU.ActiveCfg = Release|Any CPU
		{519C61DD-DB67-44E4-932A-1573AC8F5279}.Release|Any CPU.Build.0 = Release|Any CPU
		{53B08174-2901-4424-999C-88E486066DF8}.Debug|Any CPU.ActiveCfg = Debug|Any CPU
		{53B08174-2901-4424-999C-88E486066DF8}.Debug|Any CPU.Build.0 = Debug|Any CPU
		{53B08174-2901-4424-999C-88E486066DF8}.Release|Any CPU.ActiveCfg = Release|Any CPU
		{53B08174-2901-4424-999C-88E486066DF8}.Release|Any CPU.Build.0 = Release|Any CPU
		{99818A20-1B63-4DEE-B1ED-D20BB4FEC017}.Debug|Any CPU.ActiveCfg = Debug|Any CPU
		{99818A20-1B63-4DEE-B1ED-D20BB4FEC017}.Debug|Any CPU.Build.0 = Debug|Any CPU
		{99818A20-1B63-4DEE-B1ED-D20BB4FEC017}.Release|Any CPU.ActiveCfg = Release|Any CPU
		{99818A20-1B63-4DEE-B1ED-D20BB4FEC017}.Release|Any CPU.Build.0 = Release|Any CPU
		{831EDB4E-9223-48C2-AA0E-1F8A5F5D9910}.Debug|Any CPU.ActiveCfg = Debug|Any CPU
		{831EDB4E-9223-48C2-AA0E-1F8A5F5D9910}.Debug|Any CPU.Build.0 = Debug|Any CPU
		{831EDB4E-9223-48C2-AA0E-1F8A5F5D9910}.Release|Any CPU.ActiveCfg = Release|Any CPU
		{831EDB4E-9223-48C2-AA0E-1F8A5F5D9910}.Release|Any CPU.Build.0 = Release|Any CPU
		{76C2007A-0D9A-4CB9-8460-6B0B72DD06F6}.Debug|Any CPU.ActiveCfg = Debug|Any CPU
		{76C2007A-0D9A-4CB9-8460-6B0B72DD06F6}.Debug|Any CPU.Build.0 = Debug|Any CPU
		{76C2007A-0D9A-4CB9-8460-6B0B72DD06F6}.Release|Any CPU.ActiveCfg = Release|Any CPU
		{76C2007A-0D9A-4CB9-8460-6B0B72DD06F6}.Release|Any CPU.Build.0 = Release|Any CPU
	EndGlobalSection
	GlobalSection(SolutionProperties) = preSolution
		HideSolutionNode = FALSE
	EndGlobalSection
	GlobalSection(ExtensibilityGlobals) = postSolution
		SolutionGuid = {858845AA-B697-4F6F-88D8-BA29B5427B43}
	EndGlobalSection
EndGlobal
